Microsoft Visual Studio Solution File, Format Version 12.00
# Visual Studio Version 16
VisualStudioVersion = 16.0.29613.14
MinimumVisualStudioVersion = 10.0.40219.1
Project("{FAE04EC0-301F-11D3-BF4B-00C04F79EFBC}") = "SvgXaml", "SvgXaml\SvgXaml.csproj", "{0B1FD1AD-6004-40CC-94A1-B598F6B00A1A}"
EndProject
Global
	GlobalSection(SolutionConfigurationPlatforms) = preSolution
		Debug|Any CPU = Debug|Any CPU
		Release|Any CPU = Release|Any CPU
	EndGlobalSection
	GlobalSection(ProjectConfigurationPlatforms) = postSolution
		{0B1FD1AD-6004-40CC-94A1-B598F6B00A1A}.Debug|Any CPU.ActiveCfg = Debug|Any CPU
		{0B1FD1AD-6004-40CC-94A1-B598F6B00A1A}.Debug|Any CPU.Build.0 = Debug|Any CPU
		{0B1FD1AD-6004-40CC-94A1-B598F6B00A1A}.Release|Any CPU.ActiveCfg = Release|Any CPU
		{0B1FD1AD-6004-40CC-94A1-B598F6B00A1A}.Release|Any CPU.Build.0 = Release|Any CPU
	EndGlobalSection
	GlobalSection(SolutionProperties) = preSolution
		HideSolutionNode = FALSE
	EndGlobalSection
	GlobalSection(NestedProjects) = preSolution
		{0B1FD1AD-6004-40CC-94A1-B598F6B00A1A} = {B86D794E-1A2E-4F5D-AEFB-30D6A2A295E2}
	EndGlobalSection
	GlobalSection(ExtensibilityGlobals) = postSolution
		SolutionGuid = {ECBBFB65-D6D1-4727-BE82-54D52CE8FCF3}
	EndGlobalSection
EndGlobal
